
Microsoft Visual Studio Solution File, Format Version 12.00
# Visual Studio Version 17
VisualStudioVersion = 17.14.36109.1
MinimumVisualStudioVersion = 10.0.40219.1
Project("{FAE04EC0-301F-11D3-BF4B-00C04F79EFBC}") = "MathGame", "MathCalculator\MathGame.csproj", "{11EA4157-4FE7-4862-A872-1BC989A8E2F2}"
EndProject
Project("{FAE04EC0-301F-11D3-BF4B-00C04F79EFBC}") = "MathGameTest", "MathGameTest\MathGameTest.csproj", "{BC344D59-5632-41B9-9661-27E7515B233B}"
EndProject
Project("{FAE04EC0-301F-11D3-BF4B-00C04F79EFBC}") = "MSMathGameTest", "MSMathGameTest\MSMathGameTest.csproj", "{C734DD20-5B75-44B1-B8F3-B63DEF5E4D66}"
EndProject
Project("{FAE04EC0-301F-11D3-BF4B-00C04F79EFBC}") = "MathGameMaui", "MathGameMaui\MathGameMaui.csproj", "{908D3882-174A-4197-B9A8-62EDD792F29C}"
EndProject
Global
	GlobalSection(SolutionConfigurationPlatforms) = preSolution
		Debug|Any CPU = Debug|Any CPU
		Release|Any CPU = Release|Any CPU
	EndGlobalSection
	GlobalSection(ProjectConfigurationPlatforms) = postSolution
		{11EA4157-4FE7-4862-A872-1BC989A8E2F2}.Debug|Any CPU.ActiveCfg = Debug|Any CPU
		{11EA4157-4FE7-4862-A872-1BC989A8E2F2}.Debug|Any CPU.Build.0 = Debug|Any CPU
		{11EA4157-4FE7-4862-A872-1BC989A8E2F2}.Release|Any CPU.ActiveCfg = Release|Any CPU
		{11EA4157-4FE7-4862-A872-1BC989A8E2F2}.Release|Any CPU.Build.0 = Release|Any CPU
		{BC344D59-5632-41B9-9661-27E7515B233B}.Debug|Any CPU.ActiveCfg = Debug|Any CPU
		{BC344D59-5632-41B9-9661-27E7515B233B}.Release|Any CPU.ActiveCfg = Release|Any CPU
		{BC344D59-5632-41B9-9661-27E7515B233B}.Release|Any CPU.Build.0 = Release|Any CPU
		{C734DD20-5B75-44B1-B8F3-B63DEF5E4D66}.Debug|Any CPU.ActiveCfg = Debug|Any CPU
		{C734DD20-5B75-44B1-B8F3-B63DEF5E4D66}.Debug|Any CPU.Build.0 = Debug|Any CPU
		{C734DD20-5B75-44B1-B8F3-B63DEF5E4D66}.Release|Any CPU.ActiveCfg = Release|Any CPU
		{C734DD20-5B75-44B1-B8F3-B63DEF5E4D66}.Release|Any CPU.Build.0 = Release|Any CPU
		{908D3882-174A-4197-B9A8-62EDD792F29C}.Debug|Any CPU.ActiveCfg = Debug|Any CPU
		{908D3882-174A-4197-B9A8-62EDD792F29C}.Debug|Any CPU.Build.0 = Debug|Any CPU
		{908D3882-174A-4197-B9A8-62EDD792F29C}.Release|Any CPU.ActiveCfg = Release|Any CPU
		{908D3882-174A-4197-B9A8-62EDD792F29C}.Release|Any CPU.Build.0 = Release|Any CPU
	EndGlobalSection
	GlobalSection(SolutionProperties) = preSolution
		HideSolutionNode = FALSE
	EndGlobalSection
	GlobalSection(ExtensibilityGlobals) = postSolution
		SolutionGuid = {D7181B79-EDAC-4D7B-BEE5-93256EBA8D05}
	EndGlobalSection
EndGlobal
